{
    "_readme": [
        "This file locks the dependencies of your project to a known state",
        "Read more about it at http://getcomposer.org/doc/01-basic-usage.md#composer-lock-the-lock-file",
        "This file is @generated automatically"
    ],
    "hash": "88bdd91685b60260a1e2d78c827a924c",
    "packages": [
        {
            "name": "tobscure/json-api",
            "version": "dev-master",
            "source": {
                "type": "git",
                "url": "https://github.com/tobscure/json-api.git",
                "reference": "ac86d11b64b34962999523164863b8130f0222e8"
            },
            "dist": {
                "type": "zip",
                "url": "https://api.github.com/repos/tobscure/json-api/zipball/ac86d11b64b34962999523164863b8130f0222e8",
                "reference": "ac86d11b64b34962999523164863b8130f0222e8",
                "shasum": ""
            },
            "require": {
                "php": ">=5.3.0"
            },
            "require-dev": {
                "squizlabs/php_codesniffer": "1.5.3"
            },
            "type": "library",
            "autoload": {
                "psr-4": {
                    "Tobscure\\JsonApi\\": "src/"
                }
            },
            "notification-url": "https://packagist.org/downloads/",
            "authors": [
                {
                    "name": "Toby Zerner",
                    "email": "toby.zerner@gmail.com"
                }
            ],
            "description": "JSON-API responses in PHP.",
            "time": "2015-05-03 02:29:55"
        }
    ],
    "packages-dev": [],
    "aliases": [],
    "minimum-stability": "dev",
    "stability-flags": {
        "tobscure/json-api": 20
    },
    "prefer-stable": false,
    "prefer-lowest": false,
    "platform": [],
    "platform-dev": []
}
